
Microsoft Visual Studio Solution File, Format Version 12.00
# Visual Studio Version 17
VisualStudioVersion = 17.8.34511.84
MinimumVisualStudioVersion = 10.0.40219.1
Project("{FAE04EC0-301F-11D3-BF4B-00C04F79EFBC}") = "ClinicProject.API", "ClinicProject.API\ClinicProject.API.csproj", "{2675C95B-59E4-4768-BA7C-E4E21EF781EA}"
EndProject
Project("{FAE04EC0-301F-11D3-BF4B-00C04F79EFBC}") = "ClinicProject.Application", "ClinicProject.Application\ClinicProject.Application.csproj", "{16D9D2B1-C954-4E9C-9143-6A41BDD7E72E}"
EndProject
Project("{FAE04EC0-301F-11D3-BF4B-00C04F79EFBC}") = "ClinicProject.Infrastructure", "ClinicProject.Infrastructure\ClinicProject.Infrastructure.csproj", "{BF88713B-F247-45FD-85D2-AFB07556B0EE}"
EndProject
Project("{FAE04EC0-301F-11D3-BF4B-00C04F79EFBC}") = "ClinicProject.Domain", "ClinicProject.Domain\ClinicProject.Domain.csproj", "{28B8883B-388D-4BED-9CFA-961D39CAD17A}"
EndProject
Global
	GlobalSection(SolutionConfigurationPlatforms) = preSolution
		Debug|Any CPU = Debug|Any CPU
		Release|Any CPU = Release|Any CPU
	EndGlobalSection
	GlobalSection(ProjectConfigurationPlatforms) = postSolution
		{2675C95B-59E4-4768-BA7C-E4E21EF781EA}.Debug|Any CPU.ActiveCfg = Debug|Any CPU
		{2675C95B-59E4-4768-BA7C-E4E21EF781EA}.Debug|Any CPU.Build.0 = Debug|Any CPU
		{2675C95B-59E4-4768-BA7C-E4E21EF781EA}.Release|Any CPU.ActiveCfg = Release|Any CPU
		{2675C95B-59E4-4768-BA7C-E4E21EF781EA}.Release|Any CPU.Build.0 = Release|Any CPU
		{16D9D2B1-C954-4E9C-9143-6A41BDD7E72E}.Debug|Any CPU.ActiveCfg = Debug|Any CPU
		{16D9D2B1-C954-4E9C-9143-6A41BDD7E72E}.Debug|Any CPU.Build.0 = Debug|Any CPU
		{16D9D2B1-C954-4E9C-9143-6A41BDD7E72E}.Release|Any CPU.ActiveCfg = Release|Any CPU
		{16D9D2B1-C954-4E9C-9143-6A41BDD7E72E}.Release|Any CPU.Build.0 = Release|Any CPU
		{BF88713B-F247-45FD-85D2-AFB07556B0EE}.Debug|Any CPU.ActiveCfg = Debug|Any CPU
		{BF88713B-F247-45FD-85D2-AFB07556B0EE}.Debug|Any CPU.Build.0 = Debug|Any CPU
		{BF88713B-F247-45FD-85D2-AFB07556B0EE}.Release|Any CPU.ActiveCfg = Release|Any CPU
		{BF88713B-F247-45FD-85D2-AFB07556B0EE}.Release|Any CPU.Build.0 = Release|Any CPU
		{28B8883B-388D-4BED-9CFA-961D39CAD17A}.Debug|Any CPU.ActiveCfg = Debug|Any CPU
		{28B8883B-388D-4BED-9CFA-961D39CAD17A}.Debug|Any CPU.Build.0 = Debug|Any CPU
		{28B8883B-388D-4BED-9CFA-961D39CAD17A}.Release|Any CPU.ActiveCfg = Release|Any CPU
		{28B8883B-388D-4BED-9CFA-961D39CAD17A}.Release|Any CPU.Build.0 = Release|Any CPU
	EndGlobalSection
	GlobalSection(SolutionProperties) = preSolution
		HideSolutionNode = FALSE
	EndGlobalSection
	GlobalSection(ExtensibilityGlobals) = postSolution
		SolutionGuid = {B49F17E4-6477-4D48-A92C-663A1A31742C}
	EndGlobalSection
EndGlobal
